set_global_assignment -name FAMILY "Cyclone V"
set_global_assignment -name DEVICE 5CSEMA5F31C6
set_global_assignment -name TOP_LEVEL_ENTITY de1_d0_led_switches
set_global_assignment -name VERILOG_FILE rtl/de1_d0_led_switches.v

set_global_assignment -name RESERVE_ALL_UNUSED_PINS "AS INPUT TRI-STATED"

# DE1-SoC slide switches. Source: Quartus 25.1 bundled DE1_SoC_Board platform.
set_location_assignment PIN_AB12 -to SW[0]
set_location_assignment PIN_AC12 -to SW[1]
set_location_assignment PIN_AF9  -to SW[2]
set_location_assignment PIN_AF10 -to SW[3]
set_location_assignment PIN_AD11 -to SW[4]
set_location_assignment PIN_AD12 -to SW[5]
set_location_assignment PIN_AE11 -to SW[6]
set_location_assignment PIN_AC9  -to SW[7]
set_location_assignment PIN_AD10 -to SW[8]
set_location_assignment PIN_AE12 -to SW[9]

# DE1-SoC red LEDs. Source: Quartus 25.1 bundled DE1_SoC_Board platform.
set_location_assignment PIN_V16 -to LEDR[0]
set_location_assignment PIN_W16 -to LEDR[1]
set_location_assignment PIN_V17 -to LEDR[2]
set_location_assignment PIN_V18 -to LEDR[3]
set_location_assignment PIN_W17 -to LEDR[4]
set_location_assignment PIN_W19 -to LEDR[5]
set_location_assignment PIN_Y19 -to LEDR[6]
set_location_assignment PIN_W20 -to LEDR[7]
set_location_assignment PIN_W21 -to LEDR[8]
set_location_assignment PIN_Y21 -to LEDR[9]

set_instance_assignment -name IO_STANDARD "3.3-V LVTTL" -to SW[0]
set_instance_assignment -name IO_STANDARD "3.3-V LVTTL" -to SW[1]
set_instance_assignment -name IO_STANDARD "3.3-V LVTTL" -to SW[2]
set_instance_assignment -name IO_STANDARD "3.3-V LVTTL" -to SW[3]
set_instance_assignment -name IO_STANDARD "3.3-V LVTTL" -to SW[4]
set_instance_assignment -name IO_STANDARD "3.3-V LVTTL" -to SW[5]
set_instance_assignment -name IO_STANDARD "3.3-V LVTTL" -to SW[6]
set_instance_assignment -name IO_STANDARD "3.3-V LVTTL" -to SW[7]
set_instance_assignment -name IO_STANDARD "3.3-V LVTTL" -to SW[8]
set_instance_assignment -name IO_STANDARD "3.3-V LVTTL" -to SW[9]

set_instance_assignment -name IO_STANDARD "3.3-V LVTTL" -to LEDR[0]
set_instance_assignment -name IO_STANDARD "3.3-V LVTTL" -to LEDR[1]
set_instance_assignment -name IO_STANDARD "3.3-V LVTTL" -to LEDR[2]
set_instance_assignment -name IO_STANDARD "3.3-V LVTTL" -to LEDR[3]
set_instance_assignment -name IO_STANDARD "3.3-V LVTTL" -to LEDR[4]
set_instance_assignment -name IO_STANDARD "3.3-V LVTTL" -to LEDR[5]
set_instance_assignment -name IO_STANDARD "3.3-V LVTTL" -to LEDR[6]
set_instance_assignment -name IO_STANDARD "3.3-V LVTTL" -to LEDR[7]
set_instance_assignment -name IO_STANDARD "3.3-V LVTTL" -to LEDR[8]
set_instance_assignment -name IO_STANDARD "3.3-V LVTTL" -to LEDR[9]


set_global_assignment -name LAST_QUARTUS_VERSION "25.1std.0 Lite Edition"
set_global_assignment -name RESERVE_ALL_UNUSED_PINS_NO_OUTPUT_GND "AS INPUT TRI-STATED"